Microsoft Visual Studio Solution File, Format Version 12.00
# Visual Studio Version 17
VisualStudioVersion = 17.5.2.0
MinimumVisualStudioVersion = 10.0.40219.1
Project("{2150E333-8FDC-42A3-9474-1A3956D46DE8}") = "desafio", "desafio", "{BDF067F7-BB1E-FC4E-6D84-61FDC4DE0758}"
EndProject
Project("{FAE04EC0-301F-11D3-BF4B-00C04F79EFBC}") = "desfioTecnico", "desafio\desfioTecnico\desfioTecnico.csproj", "{1510FF4F-D09F-56F7-FC4A-31048380508A}"
EndProject
Global
	GlobalSection(SolutionConfigurationPlatforms) = preSolution
		Debug|Any CPU = Debug|Any CPU
		Release|Any CPU = Release|Any CPU
	EndGlobalSection
	GlobalSection(ProjectConfigurationPlatforms) = postSolution
		{1510FF4F-D09F-56F7-FC4A-31048380508A}.Debug|Any CPU.ActiveCfg = Debug|Any CPU
		{1510FF4F-D09F-56F7-FC4A-31048380508A}.Debug|Any CPU.Build.0 = Debug|Any CPU
		{1510FF4F-D09F-56F7-FC4A-31048380508A}.Release|Any CPU.ActiveCfg = Release|Any CPU
		{1510FF4F-D09F-56F7-FC4A-31048380508A}.Release|Any CPU.Build.0 = Release|Any CPU
	EndGlobalSection
	GlobalSection(SolutionProperties) = preSolution
		HideSolutionNode = FALSE
	EndGlobalSection
	GlobalSection(NestedProjects) = preSolution
		{1510FF4F-D09F-56F7-FC4A-31048380508A} = {BDF067F7-BB1E-FC4E-6D84-61FDC4DE0758}
	EndGlobalSection
	GlobalSection(ExtensibilityGlobals) = postSolution
		SolutionGuid = {DA7D0D43-A5DD-4296-B77B-4FE9E20CB12F}
	EndGlobalSection
EndGlobal
